# THIS IS AN AUTOGENERATED FILE. DO NOT EDIT THIS FILE DIRECTLY.
# yarn lockfile v1


turbo-darwin-64@1.8.3:
  version "1.8.3"
  resolved "https://registry.yarnpkg.com/turbo-darwin-64/-/turbo-darwin-64-1.8.3.tgz#f220459e7636056d9a67bc9ead8dc01c495f9d55"
  integrity sha512-bLM084Wr17VAAY/EvCWj7+OwYHvI9s/NdsvlqGp8iT5HEYVimcornCHespgJS/yvZDfC+mX9EQkn3V2JmYgGGw==

turbo-darwin-arm64@1.8.3:
  version "1.8.3"
  resolved "https://registry.yarnpkg.com/turbo-darwin-arm64/-/turbo-darwin-arm64-1.8.3.tgz#1529f0755cd683e372140d6b9532efe4ca523b38"
  integrity sha512-4oZjXtzakopMK110kue3z/hqu3WLv+eDLZOX1NGdo49gqca9BeD8GbH+sXpAp6tqyeuzpss+PIliVYuyt7LgbA==

turbo-linux-64@1.8.3:
  version "1.8.3"
  resolved "https://registry.yarnpkg.com/turbo-linux-64/-/turbo-linux-64-1.8.3.tgz#1aed7f4bb4492cb4c9d8278044a66d3c6107ee5b"
  integrity sha512-uvX2VKotf5PU14FCxJA5iHItPQno2JWzerMd+g3/h/Asay6dvxvtVjc39MQeGT0H5njSvzVKFkT+3/5q8lgOEg==

turbo-linux-arm64@1.8.3:
  version "1.8.3"
  resolved "https://registry.yarnpkg.com/turbo-linux-arm64/-/turbo-linux-arm64-1.8.3.tgz#0269b31b2947c40833052325361a94193ca46150"
  integrity sha512-E1p+oH3XKMaPS4rqWhYsL4j2Pzc0d/9P5KU7Kn1kqVLo2T3iRA7n2KVULEieUNE0nTH+aIJPXYXOpqCI5wFJaA==

turbo-windows-64@1.8.3:
  version "1.8.3"
  resolved "https://registry.yarnpkg.com/turbo-windows-64/-/turbo-windows-64-1.8.3.tgz#cf94f427414eb8416c1fe22229f9a578dd1ec78b"
  integrity sha512-cnzAytHtoLXd0J7aNzRpZFpL/GTjcBmkvAPlbOdf/Pl1iwS4qzGrudZQ+OM1lmLgLIfBPIavsGHBknTwTNib4A==

turbo-windows-arm64@1.8.3:
  version "1.8.3"
  resolved "https://registry.yarnpkg.com/turbo-windows-arm64/-/turbo-windows-arm64-1.8.3.tgz#db5739fe1d6907d07874779f6d5fac87b3f3ca6a"
  integrity sha512-ulIiItNm2w/zYJdD5/oAzjzNns1IjbpweRzpsE8tLXaWwo6+fnXXkyloUug0IUhcd2k6fJXfoiDZfygqpOVuXg==

turbo@^1.8.3:
  version "1.8.3"
  resolved "https://registry.yarnpkg.com/turbo/-/turbo-1.8.3.tgz#6fe1ce749a38b54f15f0fcb24ee45baefa98e948"
  integrity sha512-zGrkU1EuNFmkq6iky6LcMqD4h0OLE8XysVFxQWRIZbcTNnf0XAycbsbeEyiJpiWeqb7qtg2bVuY9EYcNoNhVuQ==
  optionalDependencies:
    turbo-darwin-64 "1.8.3"
    turbo-darwin-arm64 "1.8.3"
    turbo-linux-64 "1.8.3"
    turbo-linux-arm64 "1.8.3"
    turbo-windows-64 "1.8.3"
    turbo-windows-arm64 "1.8.3"
